
Microsoft Visual Studio Solution File, Format Version 12.00
# Visual Studio Version 17
VisualStudioVersion = 17.7.34202.233
MinimumVisualStudioVersion = 10.0.40219.1
Project("{FAE04EC0-301F-11D3-BF4B-00C04F79EFBC}") = "VielHilftViel", "VielHilftViel\VielHilftViel.csproj", "{1F00614E-8B81-427F-9107-06571D9D221A}"
EndProject
Global
	GlobalSection(SolutionConfigurationPlatforms) = preSolution
		Debug|Any CPU = Debug|Any CPU
		Release|Any CPU = Release|Any CPU
	EndGlobalSection
	GlobalSection(ProjectConfigurationPlatforms) = postSolution
		{1F00614E-8B81-427F-9107-06571D9D221A}.Debug|Any CPU.ActiveCfg = Debug|Any CPU
		{1F00614E-8B81-427F-9107-06571D9D221A}.Debug|Any CPU.Build.0 = Debug|Any CPU
		{1F00614E-8B81-427F-9107-06571D9D221A}.Debug|Any CPU.Deploy.0 = Debug|Any CPU
		{1F00614E-8B81-427F-9107-06571D9D221A}.Release|Any CPU.ActiveCfg = Release|Any CPU
		{1F00614E-8B81-427F-9107-06571D9D221A}.Release|Any CPU.Build.0 = Release|Any CPU
		{1F00614E-8B81-427F-9107-06571D9D221A}.Release|Any CPU.Deploy.0 = Release|Any CPU
	EndGlobalSection
	GlobalSection(SolutionProperties) = preSolution
		HideSolutionNode = FALSE
	EndGlobalSection
	GlobalSection(ExtensibilityGlobals) = postSolution
		SolutionGuid = {119130F5-819B-42FD-9F5D-9E19BC7AC63F}
	EndGlobalSection
EndGlobal
